
Microsoft Visual Studio Solution File, Format Version 12.00
# Visual Studio Version 16
VisualStudioVersion = 16.0.30028.174
MinimumVisualStudioVersion = 15.0.26124.0
Project("{2150E333-8FDC-42A3-9474-1A3956D46DE8}") = "src", "src", "{E77710EE-7AE4-4820-8B03-9590B4DDD7CD}"
EndProject
Project("{9A19103F-16F7-4668-BE54-9A1E7A4F7556}") = "Api", "src\Api\Api.csproj", "{13A5DA2F-CE00-4B54-A24B-B401A91702AB}"
	ProjectSection(ProjectDependencies) = postProject
		{2AB4749C-4C82-4644-828A-DF135388D1B3} = {2AB4749C-4C82-4644-828A-DF135388D1B3}
	EndProjectSection
EndProject
Project("{9A19103F-16F7-4668-BE54-9A1E7A4F7556}") = "Client", "src\Client\Client.csproj", "{B410C76D-4F0F-4F70-BE32-49F652C5B64B}"
	ProjectSection(ProjectDependencies) = postProject
		{13A5DA2F-CE00-4B54-A24B-B401A91702AB} = {13A5DA2F-CE00-4B54-A24B-B401A91702AB}
		{2AB4749C-4C82-4644-828A-DF135388D1B3} = {2AB4749C-4C82-4644-828A-DF135388D1B3}
	EndProjectSection
EndProject
Project("{9A19103F-16F7-4668-BE54-9A1E7A4F7556}") = "MVCClient", "src\MVCClient\MVCClient.csproj", "{58FB26DD-728B-44DD-B7CB-940CB204C9E5}"
	ProjectSection(ProjectDependencies) = postProject
		{2AB4749C-4C82-4644-828A-DF135388D1B3} = {2AB4749C-4C82-4644-828A-DF135388D1B3}
	EndProjectSection
EndProject
Project("{9A19103F-16F7-4668-BE54-9A1E7A4F7556}") = "JavaScriptClient", "src\JavaScriptClient\JavaScriptClient.csproj", "{6DD5CA20-3D9A-4DDA-9951-F921C18996EC}"
	ProjectSection(ProjectDependencies) = postProject
		{13A5DA2F-CE00-4B54-A24B-B401A91702AB} = {13A5DA2F-CE00-4B54-A24B-B401A91702AB}
		{2AB4749C-4C82-4644-828A-DF135388D1B3} = {2AB4749C-4C82-4644-828A-DF135388D1B3}
	EndProjectSection
EndProject
Project("{2150E333-8FDC-42A3-9474-1A3956D46DE8}") = "clients", "clients", "{C56F6559-4659-42D0-B0FE-5F347BE8F689}"
EndProject
Project("{E53339B2-1760-4266-BCC7-CA923CBCF16C}") = "docker-compose", "docker-compose.dcproj", "{67F9E6EA-B58E-4430-AC4D-ADC3721F23AB}"
EndProject
Project("{9A19103F-16F7-4668-BE54-9A1E7A4F7556}") = "IdentityServerSts", "src\IdentityServerSts\IdentityServerSts.csproj", "{2AB4749C-4C82-4644-828A-DF135388D1B3}"
EndProject
Global
	GlobalSection(SolutionConfigurationPlatforms) = preSolution
		Debug|Any CPU = Debug|Any CPU
		Debug|x64 = Debug|x64
		Debug|x86 = Debug|x86
		Release|Any CPU = Release|Any CPU
		Release|x64 = Release|x64
		Release|x86 = Release|x86
	EndGlobalSection
	GlobalSection(ProjectConfigurationPlatforms) = postSolution
		{13A5DA2F-CE00-4B54-A24B-B401A91702AB}.Debug|Any CPU.ActiveCfg = Debug|Any CPU
		{13A5DA2F-CE00-4B54-A24B-B401A91702AB}.Debug|Any CPU.Build.0 = Debug|Any CPU
		{13A5DA2F-CE00-4B54-A24B-B401A91702AB}.Debug|x64.ActiveCfg = Debug|Any CPU
		{13A5DA2F-CE00-4B54-A24B-B401A91702AB}.Debug|x64.Build.0 = Debug|Any CPU
		{13A5DA2F-CE00-4B54-A24B-B401A91702AB}.Debug|x86.ActiveCfg = Debug|Any CPU
		{13A5DA2F-CE00-4B54-A24B-B401A91702AB}.Debug|x86.Build.0 = Debug|Any CPU
		{13A5DA2F-CE00-4B54-A24B-B401A91702AB}.Release|Any CPU.ActiveCfg = Release|Any CPU
		{13A5DA2F-CE00-4B54-A24B-B401A91702AB}.Release|Any CPU.Build.0 = Release|Any CPU
		{13A5DA2F-CE00-4B54-A24B-B401A91702AB}.Release|x64.ActiveCfg = Release|Any CPU
		{13A5DA2F-CE00-4B54-A24B-B401A91702AB}.Release|x64.Build.0 = Release|Any CPU
		{13A5DA2F-CE00-4B54-A24B-B401A91702AB}.Release|x86.ActiveCfg = Release|Any CPU
		{13A5DA2F-CE00-4B54-A24B-B401A91702AB}.Release|x86.Build.0 = Release|Any CPU
		{B410C76D-4F0F-4F70-BE32-49F652C5B64B}.Debug|Any CPU.ActiveCfg = Debug|Any CPU
		{B410C76D-4F0F-4F70-BE32-49F652C5B64B}.Debug|Any CPU.Build.0 = Debug|Any CPU
		{B410C76D-4F0F-4F70-BE32-49F652C5B64B}.Debug|x64.ActiveCfg = Debug|Any CPU
		{B410C76D-4F0F-4F70-BE32-49F652C5B64B}.Debug|x64.Build.0 = Debug|Any CPU
		{B410C76D-4F0F-4F70-BE32-49F652C5B64B}.Debug|x86.ActiveCfg = Debug|Any CPU
		{B410C76D-4F0F-4F70-BE32-49F652C5B64B}.Debug|x86.Build.0 = Debug|Any CPU
		{B410C76D-4F0F-4F70-BE32-49F652C5B64B}.Release|Any CPU.ActiveCfg = Release|Any CPU
		{B410C76D-4F0F-4F70-BE32-49F652C5B64B}.Release|Any CPU.Build.0 = Release|Any CPU
		{B410C76D-4F0F-4F70-BE32-49F652C5B64B}.Release|x64.ActiveCfg = Release|Any CPU
		{B410C76D-4F0F-4F70-BE32-49F652C5B64B}.Release|x64.Build.0 = Release|Any CPU
		{B410C76D-4F0F-4F70-BE32-49F652C5B64B}.Release|x86.ActiveCfg = Release|Any CPU
		{B410C76D-4F0F-4F70-BE32-49F652C5B64B}.Release|x86.Build.0 = Release|Any CPU
		{58FB26DD-728B-44DD-B7CB-940CB204C9E5}.Debug|Any CPU.ActiveCfg = Debug|Any CPU
		{58FB26DD-728B-44DD-B7CB-940CB204C9E5}.Debug|Any CPU.Build.0 = Debug|Any CPU
		{58FB26DD-728B-44DD-B7CB-940CB204C9E5}.Debug|x64.ActiveCfg = Debug|Any CPU
		{58FB26DD-728B-44DD-B7CB-940CB204C9E5}.Debug|x64.Build.0 = Debug|Any CPU
		{58FB26DD-728B-44DD-B7CB-940CB204C9E5}.Debug|x86.ActiveCfg = Debug|Any CPU
		{58FB26DD-728B-44DD-B7CB-940CB204C9E5}.Debug|x86.Build.0 = Debug|Any CPU
		{58FB26DD-728B-44DD-B7CB-940CB204C9E5}.Release|Any CPU.ActiveCfg = Release|Any CPU
		{58FB26DD-728B-44DD-B7CB-940CB204C9E5}.Release|Any CPU.Build.0 = Release|Any CPU
		{58FB26DD-728B-44DD-B7CB-940CB204C9E5}.Release|x64.ActiveCfg = Release|Any CPU
		{58FB26DD-728B-44DD-B7CB-940CB204C9E5}.Release|x64.Build.0 = Release|Any CPU
		{58FB26DD-728B-44DD-B7CB-940CB204C9E5}.Release|x86.ActiveCfg = Release|Any CPU
		{58FB26DD-728B-44DD-B7CB-940CB204C9E5}.Release|x86.Build.0 = Release|Any CPU
		{6DD5CA20-3D9A-4DDA-9951-F921C18996EC}.Debug|Any CPU.ActiveCfg = Debug|Any CPU
		{6DD5CA20-3D9A-4DDA-9951-F921C18996EC}.Debug|Any CPU.Build.0 = Debug|Any CPU
		{6DD5CA20-3D9A-4DDA-9951-F921C18996EC}.Debug|x64.ActiveCfg = Debug|Any CPU
		{6DD5CA20-3D9A-4DDA-9951-F921C18996EC}.Debug|x64.Build.0 = Debug|Any CPU
		{6DD5CA20-3D9A-4DDA-9951-F921C18996EC}.Debug|x86.ActiveCfg = Debug|Any CPU
		{6DD5CA20-3D9A-4DDA-9951-F921C18996EC}.Debug|x86.Build.0 = Debug|Any CPU
		{6DD5CA20-3D9A-4DDA-9951-F921C18996EC}.Release|Any CPU.ActiveCfg = Release|Any CPU
		{6DD5CA20-3D9A-4DDA-9951-F921C18996EC}.Release|Any CPU.Build.0 = Release|Any CPU
		{6DD5CA20-3D9A-4DDA-9951-F921C18996EC}.Release|x64.ActiveCfg = Release|Any CPU
		{6DD5CA20-3D9A-4DDA-9951-F921C18996EC}.Release|x64.Build.0 = Release|Any CPU
		{6DD5CA20-3D9A-4DDA-9951-F921C18996EC}.Release|x86.ActiveCfg = Release|Any CPU
		{6DD5CA20-3D9A-4DDA-9951-F921C18996EC}.Release|x86.Build.0 = Release|Any CPU
		{67F9E6EA-B58E-4430-AC4D-ADC3721F23AB}.Debug|Any CPU.ActiveCfg = Debug|Any CPU
		{67F9E6EA-B58E-4430-AC4D-ADC3721F23AB}.Debug|Any CPU.Build.0 = Debug|Any CPU
		{67F9E6EA-B58E-4430-AC4D-ADC3721F23AB}.Debug|x64.ActiveCfg = Debug|Any CPU
		{67F9E6EA-B58E-4430-AC4D-ADC3721F23AB}.Debug|x64.Build.0 = Debug|Any CPU
		{67F9E6EA-B58E-4430-AC4D-ADC3721F23AB}.Debug|x86.ActiveCfg = Debug|Any CPU
		{67F9E6EA-B58E-4430-AC4D-ADC3721F23AB}.Debug|x86.Build.0 = Debug|Any CPU
		{67F9E6EA-B58E-4430-AC4D-ADC3721F23AB}.Release|Any CPU.ActiveCfg = Release|Any CPU
		{67F9E6EA-B58E-4430-AC4D-ADC3721F23AB}.Release|Any CPU.Build.0 = Release|Any CPU
		{67F9E6EA-B58E-4430-AC4D-ADC3721F23AB}.Release|x64.ActiveCfg = Release|Any CPU
		{67F9E6EA-B58E-4430-AC4D-ADC3721F23AB}.Release|x64.Build.0 = Release|Any CPU
		{67F9E6EA-B58E-4430-AC4D-ADC3721F23AB}.Release|x86.ActiveCfg = Release|Any CPU
		{67F9E6EA-B58E-4430-AC4D-ADC3721F23AB}.Release|x86.Build.0 = Release|Any CPU
		{2AB4749C-4C82-4644-828A-DF135388D1B3}.Debug|Any CPU.ActiveCfg = Debug|Any CPU
		{2AB4749C-4C82-4644-828A-DF135388D1B3}.Debug|Any CPU.Build.0 = Debug|Any CPU
		{2AB4749C-4C82-4644-828A-DF135388D1B3}.Debug|x64.ActiveCfg = Debug|Any CPU
		{2AB4749C-4C82-4644-828A-DF135388D1B3}.Debug|x64.Build.0 = Debug|Any CPU
		{2AB4749C-4C82-4644-828A-DF135388D1B3}.Debug|x86.ActiveCfg = Debug|Any CPU
		{2AB4749C-4C82-4644-828A-DF135388D1B3}.Debug|x86.Build.0 = Debug|Any CPU
		{2AB4749C-4C82-4644-828A-DF135388D1B3}.Release|Any CPU.ActiveCfg = Release|Any CPU
		{2AB4749C-4C82-4644-828A-DF135388D1B3}.Release|Any CPU.Build.0 = Release|Any CPU
		{2AB4749C-4C82-4644-828A-DF135388D1B3}.Release|x64.ActiveCfg = Release|Any CPU
		{2AB4749C-4C82-4644-828A-DF135388D1B3}.Release|x64.Build.0 = Release|Any CPU
		{2AB4749C-4C82-4644-828A-DF135388D1B3}.Release|x86.ActiveCfg = Release|Any CPU
		{2AB4749C-4C82-4644-828A-DF135388D1B3}.Release|x86.Build.0 = Release|Any CPU
	EndGlobalSection
	GlobalSection(SolutionProperties) = preSolution
		HideSolutionNode = FALSE
	EndGlobalSection
	GlobalSection(NestedProjects) = preSolution
		{13A5DA2F-CE00-4B54-A24B-B401A91702AB} = {C56F6559-4659-42D0-B0FE-5F347BE8F689}
		{B410C76D-4F0F-4F70-BE32-49F652C5B64B} = {C56F6559-4659-42D0-B0FE-5F347BE8F689}
		{58FB26DD-728B-44DD-B7CB-940CB204C9E5} = {C56F6559-4659-42D0-B0FE-5F347BE8F689}
		{6DD5CA20-3D9A-4DDA-9951-F921C18996EC} = {C56F6559-4659-42D0-B0FE-5F347BE8F689}
		{C56F6559-4659-42D0-B0FE-5F347BE8F689} = {E77710EE-7AE4-4820-8B03-9590B4DDD7CD}
		{2AB4749C-4C82-4644-828A-DF135388D1B3} = {E77710EE-7AE4-4820-8B03-9590B4DDD7CD}
	EndGlobalSection
	GlobalSection(ExtensibilityGlobals) = postSolution
		SolutionGuid = {AA8488B5-D339-42F1-B433-BF4B6FA5A5F6}
	EndGlobalSection
EndGlobal
